
Microsoft Visual Studio Solution File, Format Version 12.00
# Visual Studio Version 17
VisualStudioVersion = 17.9.34511.98
MinimumVisualStudioVersion = 10.0.40219.1
Project("{FAE04EC0-301F-11D3-BF4B-00C04F79EFBC}") = "RandomSqlData", "RandomSqlData\RandomSqlData.csproj", "{11954ACD-E49D-4BB5-8C41-FD564A8B2BFE}"
EndProject
Global
	GlobalSection(SolutionConfigurationPlatforms) = preSolution
		Debug|Any CPU = Debug|Any CPU
		Release|Any CPU = Release|Any CPU
	EndGlobalSection
	GlobalSection(ProjectConfigurationPlatforms) = postSolution
		{11954ACD-E49D-4BB5-8C41-FD564A8B2BFE}.Debug|Any CPU.ActiveCfg = Debug|Any CPU
		{11954ACD-E49D-4BB5-8C41-FD564A8B2BFE}.Debug|Any CPU.Build.0 = Debug|Any CPU
		{11954ACD-E49D-4BB5-8C41-FD564A8B2BFE}.Release|Any CPU.ActiveCfg = Release|Any CPU
		{11954ACD-E49D-4BB5-8C41-FD564A8B2BFE}.Release|Any CPU.Build.0 = Release|Any CPU
	EndGlobalSection
	GlobalSection(SolutionProperties) = preSolution
		HideSolutionNode = FALSE
	EndGlobalSection
	GlobalSection(ExtensibilityGlobals) = postSolution
		SolutionGuid = {12DA05A4-5D6E-437B-AC70-756391B85AC7}
	EndGlobalSection
EndGlobal
